
Microsoft Visual Studio Solution File, Format Version 12.00
# Visual Studio Version 17
VisualStudioVersion = 17.7.34202.233
MinimumVisualStudioVersion = 10.0.40219.1
Project("{FAE04EC0-301F-11D3-BF4B-00C04F79EFBC}") = "GUI", "GUI\GUI.csproj", "{BA40253E-2253-4B24-BE3C-DD4344799ADD}"
EndProject
Project("{FAE04EC0-301F-11D3-BF4B-00C04F79EFBC}") = "BLL", "BLL\BLL.csproj", "{7B9FA6E4-7B65-446A-8CE2-C43CDFC50A26}"
EndProject
Project("{FAE04EC0-301F-11D3-BF4B-00C04F79EFBC}") = "DAL", "DAL\DAL.csproj", "{66041C31-1F61-49CE-9FBF-E15A4026AF56}"
EndProject
Global
	GlobalSection(SolutionConfigurationPlatforms) = preSolution
		Debug|Any CPU = Debug|Any CPU
		Release|Any CPU = Release|Any CPU
	EndGlobalSection
	GlobalSection(ProjectConfigurationPlatforms) = postSolution
		{BA40253E-2253-4B24-BE3C-DD4344799ADD}.Debug|Any CPU.ActiveCfg = Debug|Any CPU
		{BA40253E-2253-4B24-BE3C-DD4344799ADD}.Debug|Any CPU.Build.0 = Debug|Any CPU
		{BA40253E-2253-4B24-BE3C-DD4344799ADD}.Release|Any CPU.ActiveCfg = Release|Any CPU
		{BA40253E-2253-4B24-BE3C-DD4344799ADD}.Release|Any CPU.Build.0 = Release|Any CPU
		{7B9FA6E4-7B65-446A-8CE2-C43CDFC50A26}.Debug|Any CPU.ActiveCfg = Debug|Any CPU
		{7B9FA6E4-7B65-446A-8CE2-C43CDFC50A26}.Debug|Any CPU.Build.0 = Debug|Any CPU
		{7B9FA6E4-7B65-446A-8CE2-C43CDFC50A26}.Release|Any CPU.ActiveCfg = Release|Any CPU
		{7B9FA6E4-7B65-446A-8CE2-C43CDFC50A26}.Release|Any CPU.Build.0 = Release|Any CPU
		{66041C31-1F61-49CE-9FBF-E15A4026AF56}.Debug|Any CPU.ActiveCfg = Debug|Any CPU
		{66041C31-1F61-49CE-9FBF-E15A4026AF56}.Debug|Any CPU.Build.0 = Debug|Any CPU
		{66041C31-1F61-49CE-9FBF-E15A4026AF56}.Release|Any CPU.ActiveCfg = Release|Any CPU
		{66041C31-1F61-49CE-9FBF-E15A4026AF56}.Release|Any CPU.Build.0 = Release|Any CPU
	EndGlobalSection
	GlobalSection(SolutionProperties) = preSolution
		HideSolutionNode = FALSE
	EndGlobalSection
	GlobalSection(ExtensibilityGlobals) = postSolution
		SolutionGuid = {B6784FA2-3E8B-4962-BE0E-DB25B10423B5}
	EndGlobalSection
EndGlobal
